
Microsoft Visual Studio Solution File, Format Version 12.00
# Visual Studio 15
VisualStudioVersion = 15.0.27703.2018
MinimumVisualStudioVersion = 10.0.40219.1
Project("{2150E333-8FDC-42A3-9474-1A3956D46DE8}") = "IdentityAccess", "IdentityAccess", "{BC2851BC-FFE4-4ACE-B86C-4AEA027FC927}"
EndProject
Project("{2150E333-8FDC-42A3-9474-1A3956D46DE8}") = "Engine", "Engine", "{7D4D7E1B-FE22-4626-97E6-E7AB3EEE803B}"
EndProject
Project("{2150E333-8FDC-42A3-9474-1A3956D46DE8}") = "Anti-CorruptionLayer", "Anti-CorruptionLayer", "{4A71F00A-AFEF-4A57-8340-B6C222D100AD}"
EndProject
Project("{2150E333-8FDC-42A3-9474-1A3956D46DE8}") = "1 - Presentation", "1 - Presentation", "{0E5B1BBA-81C8-4653-87B8-16150F4C8F0E}"
EndProject
Project("{2150E333-8FDC-42A3-9474-1A3956D46DE8}") = "2 - Services", "2 - Services", "{161985D7-5FD6-4EC0-B338-E6C39ACA902A}"
EndProject
Project("{2150E333-8FDC-42A3-9474-1A3956D46DE8}") = "3 - Application", "3 - Application", "{B4CBA95B-96F3-45A4-979A-3B8CAED5C88B}"
EndProject
Project("{2150E333-8FDC-42A3-9474-1A3956D46DE8}") = "4 - Domain", "4 - Domain", "{C31A22D8-7639-4351-97D7-0D5CAA66E734}"
EndProject
Project("{2150E333-8FDC-42A3-9474-1A3956D46DE8}") = "5 - Infrastructure", "5 - Infrastructure", "{B1411FEF-4085-44E4-A3CF-9C5336F38C3B}"
EndProject
Project("{2150E333-8FDC-42A3-9474-1A3956D46DE8}") = "6 - Tests", "6 - Tests", "{E49990A5-A6E1-4A50-8F98-2DA8C53EFC96}"
EndProject
Project("{2150E333-8FDC-42A3-9474-1A3956D46DE8}") = "1 - Presentation", "1 - Presentation", "{E4E4E372-834A-4937-9877-CEB2742641D8}"
EndProject
Project("{2150E333-8FDC-42A3-9474-1A3956D46DE8}") = "2 - Services", "2 - Services", "{D3543140-9BA0-4B90-9F30-BB4E023A51A1}"
EndProject
Project("{2150E333-8FDC-42A3-9474-1A3956D46DE8}") = "3 - Application", "3 - Application", "{3CDDDECB-C099-41A9-A03C-FB1387582ECA}"
EndProject
Project("{2150E333-8FDC-42A3-9474-1A3956D46DE8}") = "4 - Domain", "4 - Domain", "{5B7637EC-D0CE-46FF-BFA0-E1690F149100}"
EndProject
Project("{2150E333-8FDC-42A3-9474-1A3956D46DE8}") = "5 - Infrastructure", "5 - Infrastructure", "{C8719EB3-32BE-49A1-8A90-89F4976A9583}"
EndProject
Project("{2150E333-8FDC-42A3-9474-1A3956D46DE8}") = "6 - Tests", "6 - Tests", "{CF496316-4138-479F-BF6D-23D83E842B8B}"
EndProject
Project("{FAE04EC0-301F-11D3-BF4B-00C04F79EFBC}") = "TalkGist.IdentityAccess.WebApi", "IdentityAccess\Services\TalkGist.IdentityAccess.WebApi\TalkGist.IdentityAccess.WebApi.csproj", "{5521D9C9-EC12-42B4-B8DC-1AF655F2AF8F}"
EndProject
Project("{FAE04EC0-301F-11D3-BF4B-00C04F79EFBC}") = "TalkGist.IdentityAccess.ApplicationService", "IdentityAccess\Application\TalkGist.IdentityAccess.ApplicationService\TalkGist.IdentityAccess.ApplicationService.csproj", "{A1250540-6252-4D69-98EB-ED88D0980982}"
EndProject
Project("{FAE04EC0-301F-11D3-BF4B-00C04F79EFBC}") = "TalkGist.IdentityAccess.Domain", "IdentityAccess\Domain\TalkGist.IdentityAccess.Domain\TalkGist.IdentityAccess.Domain.csproj", "{219AB412-76CA-4C9E-A2EC-AB2693B8BDBF}"
EndProject
Project("{FAE04EC0-301F-11D3-BF4B-00C04F79EFBC}") = "TalkGist.IdentityAccess.Domain.Core", "IdentityAccess\Domain\TalkGist.IdentityAccess.Domain.Core\TalkGist.IdentityAccess.Domain.Core.csproj", "{CB9C8224-8440-477C-B97F-5660D73B3168}"
EndProject
Project("{2150E333-8FDC-42A3-9474-1A3956D46DE8}") = "5.1 - Data", "5.1 - Data", "{713EFBA0-4915-4996-900D-F95C7C6E4223}"
EndProject
Project("{2150E333-8FDC-42A3-9474-1A3956D46DE8}") = "5.2 - CrossCutting", "5.2 - CrossCutting", "{C464EA3B-FC26-4BBE-B608-ECF361CAAE63}"
EndProject
Project("{2150E333-8FDC-42A3-9474-1A3956D46DE8}") = "5.3 - Utilities", "5.3 - Utilities", "{1E7E2839-72EF-434B-8400-97505469D6F8}"
EndProject
Project("{FAE04EC0-301F-11D3-BF4B-00C04F79EFBC}") = "TalkGist.IdentityAccess.Infra.CrossCutting.IoC", "IdentityAccess\Infrastructure\TalkGist.IdentityAccess.Infra.CrossCutting.IoC\TalkGist.IdentityAccess.Infra.CrossCutting.IoC.csproj", "{40F5B53C-67A8-43B5-B0C3-A131CEC962BF}"
EndProject
Project("{FAE04EC0-301F-11D3-BF4B-00C04F79EFBC}") = "TalkGist.IdentityAccess.Infra.CrossCutting.Bus", "IdentityAccess\Infrastructure\TalkGist.IdentityAccess.Infra.CrossCutting.Bus\TalkGist.IdentityAccess.Infra.CrossCutting.Bus.csproj", "{6BBD9ADF-0036-4A89-9C50-C934C54518BE}"
EndProject
Project("{FAE04EC0-301F-11D3-BF4B-00C04F79EFBC}") = "TalkGist.IdentityAccess.Infra.Data", "IdentityAccess\Infrastructure\TalkGist.IdentityAccess.Infra.Data\TalkGist.IdentityAccess.Infra.Data.csproj", "{52790AC6-D2C8-4585-B5E6-3175990C99F1}"
EndProject
Project("{FAE04EC0-301F-11D3-BF4B-00C04F79EFBC}") = "TalkGist.IdentityAccess.ApplicationService.Test", "IdentityAccess\Tests\TalkGist.IdentityAccess.ApplicationService.Test\TalkGist.IdentityAccess.ApplicationService.Test.csproj", "{B21D24AC-907A-4EAD-86B1-7A283F036744}"
EndProject
Project("{FAE04EC0-301F-11D3-BF4B-00C04F79EFBC}") = "TalkGist.IdentityAccess.Services.Test", "IdentityAccess\Tests\TalkGist.IdentityAccess.Services.Test\TalkGist.IdentityAccess.Services.Test.csproj", "{F7AA020B-BB85-437C-BE69-E523B3BAFB47}"
EndProject
Project("{FAE04EC0-301F-11D3-BF4B-00C04F79EFBC}") = "TalkGist.IdentityAccess.Domain.Test", "IdentityAccess\Tests\TalkGist.IdentityAccess.Domain.Test\TalkGist.IdentityAccess.Domain.Test.csproj", "{B89E9F91-6413-4B33-9D4C-50944A5323C9}"
EndProject
Project("{FAE04EC0-301F-11D3-BF4B-00C04F79EFBC}") = "TalkGist.IdentityAccess.Infra.CrossCutting.Utils", "IdentityAccess\Infrastructure\TalkGist.IdentityAccess.Infra.CrossCutting.Utils\TalkGist.IdentityAccess.Infra.CrossCutting.Utils.csproj", "{26566930-94B2-498A-9324-5815D7228938}"
EndProject
Global
	GlobalSection(SolutionConfigurationPlatforms) = preSolution
		Debug|Any CPU = Debug|Any CPU
		Release|Any CPU = Release|Any CPU
	EndGlobalSection
	GlobalSection(ProjectConfigurationPlatforms) = postSolution
		{5521D9C9-EC12-42B4-B8DC-1AF655F2AF8F}.Debug|Any CPU.ActiveCfg = Debug|Any CPU
		{5521D9C9-EC12-42B4-B8DC-1AF655F2AF8F}.Debug|Any CPU.Build.0 = Debug|Any CPU
		{5521D9C9-EC12-42B4-B8DC-1AF655F2AF8F}.Release|Any CPU.ActiveCfg = Release|Any CPU
		{5521D9C9-EC12-42B4-B8DC-1AF655F2AF8F}.Release|Any CPU.Build.0 = Release|Any CPU
		{A1250540-6252-4D69-98EB-ED88D0980982}.Debug|Any CPU.ActiveCfg = Debug|Any CPU
		{A1250540-6252-4D69-98EB-ED88D0980982}.Debug|Any CPU.Build.0 = Debug|Any CPU
		{A1250540-6252-4D69-98EB-ED88D0980982}.Release|Any CPU.ActiveCfg = Release|Any CPU
		{A1250540-6252-4D69-98EB-ED88D0980982}.Release|Any CPU.Build.0 = Release|Any CPU
		{219AB412-76CA-4C9E-A2EC-AB2693B8BDBF}.Debug|Any CPU.ActiveCfg = Debug|Any CPU
		{219AB412-76CA-4C9E-A2EC-AB2693B8BDBF}.Debug|Any CPU.Build.0 = Debug|Any CPU
		{219AB412-76CA-4C9E-A2EC-AB2693B8BDBF}.Release|Any CPU.ActiveCfg = Release|Any CPU
		{219AB412-76CA-4C9E-A2EC-AB2693B8BDBF}.Release|Any CPU.Build.0 = Release|Any CPU
		{CB9C8224-8440-477C-B97F-5660D73B3168}.Debug|Any CPU.ActiveCfg = Debug|Any CPU
		{CB9C8224-8440-477C-B97F-5660D73B3168}.Debug|Any CPU.Build.0 = Debug|Any CPU
		{CB9C8224-8440-477C-B97F-5660D73B3168}.Release|Any CPU.ActiveCfg = Release|Any CPU
		{CB9C8224-8440-477C-B97F-5660D73B3168}.Release|Any CPU.Build.0 = Release|Any CPU
		{40F5B53C-67A8-43B5-B0C3-A131CEC962BF}.Debug|Any CPU.ActiveCfg = Debug|Any CPU
		{40F5B53C-67A8-43B5-B0C3-A131CEC962BF}.Debug|Any CPU.Build.0 = Debug|Any CPU
		{40F5B53C-67A8-43B5-B0C3-A131CEC962BF}.Release|Any CPU.ActiveCfg = Release|Any CPU
		{40F5B53C-67A8-43B5-B0C3-A131CEC962BF}.Release|Any CPU.Build.0 = Release|Any CPU
		{6BBD9ADF-0036-4A89-9C50-C934C54518BE}.Debug|Any CPU.ActiveCfg = Debug|Any CPU
		{6BBD9ADF-0036-4A89-9C50-C934C54518BE}.Debug|Any CPU.Build.0 = Debug|Any CPU
		{6BBD9ADF-0036-4A89-9C50-C934C54518BE}.Release|Any CPU.ActiveCfg = Release|Any CPU
		{6BBD9ADF-0036-4A89-9C50-C934C54518BE}.Release|Any CPU.Build.0 = Release|Any CPU
		{52790AC6-D2C8-4585-B5E6-3175990C99F1}.Debug|Any CPU.ActiveCfg = Debug|Any CPU
		{52790AC6-D2C8-4585-B5E6-3175990C99F1}.Debug|Any CPU.Build.0 = Debug|Any CPU
		{52790AC6-D2C8-4585-B5E6-3175990C99F1}.Release|Any CPU.ActiveCfg = Release|Any CPU
		{52790AC6-D2C8-4585-B5E6-3175990C99F1}.Release|Any CPU.Build.0 = Release|Any CPU
		{B21D24AC-907A-4EAD-86B1-7A283F036744}.Debug|Any CPU.ActiveCfg = Debug|Any CPU
		{B21D24AC-907A-4EAD-86B1-7A283F036744}.Debug|Any CPU.Build.0 = Debug|Any CPU
		{B21D24AC-907A-4EAD-86B1-7A283F036744}.Release|Any CPU.ActiveCfg = Release|Any CPU
		{B21D24AC-907A-4EAD-86B1-7A283F036744}.Release|Any CPU.Build.0 = Release|Any CPU
		{F7AA020B-BB85-437C-BE69-E523B3BAFB47}.Debug|Any CPU.ActiveCfg = Debug|Any CPU
		{F7AA020B-BB85-437C-BE69-E523B3BAFB47}.Debug|Any CPU.Build.0 = Debug|Any CPU
		{F7AA020B-BB85-437C-BE69-E523B3BAFB47}.Release|Any CPU.ActiveCfg = Release|Any CPU
		{F7AA020B-BB85-437C-BE69-E523B3BAFB47}.Release|Any CPU.Build.0 = Release|Any CPU
		{B89E9F91-6413-4B33-9D4C-50944A5323C9}.Debug|Any CPU.ActiveCfg = Debug|Any CPU
		{B89E9F91-6413-4B33-9D4C-50944A5323C9}.Debug|Any CPU.Build.0 = Debug|Any CPU
		{B89E9F91-6413-4B33-9D4C-50944A5323C9}.Release|Any CPU.ActiveCfg = Release|Any CPU
		{B89E9F91-6413-4B33-9D4C-50944A5323C9}.Release|Any CPU.Build.0 = Release|Any CPU
		{26566930-94B2-498A-9324-5815D7228938}.Debug|Any CPU.ActiveCfg = Debug|Any CPU
		{26566930-94B2-498A-9324-5815D7228938}.Debug|Any CPU.Build.0 = Debug|Any CPU
		{26566930-94B2-498A-9324-5815D7228938}.Release|Any CPU.ActiveCfg = Release|Any CPU
		{26566930-94B2-498A-9324-5815D7228938}.Release|Any CPU.Build.0 = Release|Any CPU
	EndGlobalSection
	GlobalSection(SolutionProperties) = preSolution
		HideSolutionNode = FALSE
	EndGlobalSection
	GlobalSection(NestedProjects) = preSolution
		{0E5B1BBA-81C8-4653-87B8-16150F4C8F0E} = {BC2851BC-FFE4-4ACE-B86C-4AEA027FC927}
		{161985D7-5FD6-4EC0-B338-E6C39ACA902A} = {BC2851BC-FFE4-4ACE-B86C-4AEA027FC927}
		{B4CBA95B-96F3-45A4-979A-3B8CAED5C88B} = {BC2851BC-FFE4-4ACE-B86C-4AEA027FC927}
		{C31A22D8-7639-4351-97D7-0D5CAA66E734} = {BC2851BC-FFE4-4ACE-B86C-4AEA027FC927}
		{B1411FEF-4085-44E4-A3CF-9C5336F38C3B} = {BC2851BC-FFE4-4ACE-B86C-4AEA027FC927}
		{E49990A5-A6E1-4A50-8F98-2DA8C53EFC96} = {BC2851BC-FFE4-4ACE-B86C-4AEA027FC927}
		{E4E4E372-834A-4937-9877-CEB2742641D8} = {7D4D7E1B-FE22-4626-97E6-E7AB3EEE803B}
		{D3543140-9BA0-4B90-9F30-BB4E023A51A1} = {7D4D7E1B-FE22-4626-97E6-E7AB3EEE803B}
		{3CDDDECB-C099-41A9-A03C-FB1387582ECA} = {7D4D7E1B-FE22-4626-97E6-E7AB3EEE803B}
		{5B7637EC-D0CE-46FF-BFA0-E1690F149100} = {7D4D7E1B-FE22-4626-97E6-E7AB3EEE803B}
		{C8719EB3-32BE-49A1-8A90-89F4976A9583} = {7D4D7E1B-FE22-4626-97E6-E7AB3EEE803B}
		{CF496316-4138-479F-BF6D-23D83E842B8B} = {7D4D7E1B-FE22-4626-97E6-E7AB3EEE803B}
		{5521D9C9-EC12-42B4-B8DC-1AF655F2AF8F} = {161985D7-5FD6-4EC0-B338-E6C39ACA902A}
		{A1250540-6252-4D69-98EB-ED88D0980982} = {B4CBA95B-96F3-45A4-979A-3B8CAED5C88B}
		{219AB412-76CA-4C9E-A2EC-AB2693B8BDBF} = {C31A22D8-7639-4351-97D7-0D5CAA66E734}
		{CB9C8224-8440-477C-B97F-5660D73B3168} = {C31A22D8-7639-4351-97D7-0D5CAA66E734}
		{713EFBA0-4915-4996-900D-F95C7C6E4223} = {B1411FEF-4085-44E4-A3CF-9C5336F38C3B}
		{C464EA3B-FC26-4BBE-B608-ECF361CAAE63} = {B1411FEF-4085-44E4-A3CF-9C5336F38C3B}
		{1E7E2839-72EF-434B-8400-97505469D6F8} = {B1411FEF-4085-44E4-A3CF-9C5336F38C3B}
		{40F5B53C-67A8-43B5-B0C3-A131CEC962BF} = {C464EA3B-FC26-4BBE-B608-ECF361CAAE63}
		{6BBD9ADF-0036-4A89-9C50-C934C54518BE} = {C464EA3B-FC26-4BBE-B608-ECF361CAAE63}
		{52790AC6-D2C8-4585-B5E6-3175990C99F1} = {713EFBA0-4915-4996-900D-F95C7C6E4223}
		{B21D24AC-907A-4EAD-86B1-7A283F036744} = {E49990A5-A6E1-4A50-8F98-2DA8C53EFC96}
		{F7AA020B-BB85-437C-BE69-E523B3BAFB47} = {E49990A5-A6E1-4A50-8F98-2DA8C53EFC96}
		{B89E9F91-6413-4B33-9D4C-50944A5323C9} = {E49990A5-A6E1-4A50-8F98-2DA8C53EFC96}
		{26566930-94B2-498A-9324-5815D7228938} = {1E7E2839-72EF-434B-8400-97505469D6F8}
	EndGlobalSection
	GlobalSection(ExtensibilityGlobals) = postSolution
		SolutionGuid = {4A1F412D-F522-4E45-88DF-967214512739}
	EndGlobalSection
EndGlobal
